{
    "_readme": [
        "This file locks the dependencies of your project to a known state",
        "Read more about it at https://getcomposer.org/doc/01-basic-usage.md#installing-dependencies",
        "This file is @generated automatically"
    ],
    "content-hash": "f3a1757ece4c541a5e6ff8826a45591f",
    "packages": [
        {
            "name": "atom/framework",
            "version": "dev-master",
            "dist": {
                "type": "path",
                "url": "..",
                "reference": "0bed98db4fcb21c7d4c7d34c9d08e6559ce38d0b"
            },
            "require": {
                "php": "^8.4"
            },
            "require-dev": {
                "phpunit/phpunit": "^11.0"
            },
            "type": "library",
            "autoload": {
                "psr-4": {
                    "Atom\\": "src/",
                    "Atom\\Tests\\": "tests/"
                }
            },
            "license": [
                "MIT"
            ],
            "description": "Atom Framework",
            "keywords": [
                "Atom",
                "framework"
            ],
            "transport-options": {
                "symlink": true,
                "relative": true
            }
        }
    ],
    "packages-dev": [],
    "aliases": [],
    "minimum-stability": "dev",
    "stability-flags": {
        "atom/framework": 20
    },
    "prefer-stable": true,
    "prefer-lowest": false,
    "platform": {
        "php": "^8.4"
    },
    "platform-dev": {},
    "plugin-api-version": "2.6.0"
}
